
Microsoft Visual Studio Solution File, Format Version 12.00
# Visual Studio Version 17
VisualStudioVersion = 17.9.34714.143
MinimumVisualStudioVersion = 10.0.40219.1
Project("{FAE04EC0-301F-11D3-BF4B-00C04F79EFBC}") = "TRILHAR.Infra.Data", "TRILHAR.Infra.Data.csproj", "{7F14B1E9-CF18-42F6-8CF1-A08BA78A2CA3}"
EndProject
Global
	GlobalSection(SolutionConfigurationPlatforms) = preSolution
		Debug|Any CPU = Debug|Any CPU
		Release|Any CPU = Release|Any CPU
	EndGlobalSection
	GlobalSection(ProjectConfigurationPlatforms) = postSolution
		{7F14B1E9-CF18-42F6-8CF1-A08BA78A2CA3}.Debug|Any CPU.ActiveCfg = Debug|Any CPU
		{7F14B1E9-CF18-42F6-8CF1-A08BA78A2CA3}.Debug|Any CPU.Build.0 = Debug|Any CPU
		{7F14B1E9-CF18-42F6-8CF1-A08BA78A2CA3}.Release|Any CPU.ActiveCfg = Release|Any CPU
		{7F14B1E9-CF18-42F6-8CF1-A08BA78A2CA3}.Release|Any CPU.Build.0 = Release|Any CPU
	EndGlobalSection
	GlobalSection(SolutionProperties) = preSolution
		HideSolutionNode = FALSE
	EndGlobalSection
	GlobalSection(ExtensibilityGlobals) = postSolution
		SolutionGuid = {26DBBFE3-8037-4AFE-8756-BD960A897B4A}
	EndGlobalSection
EndGlobal
